// !$*UTF8*$!
{
	archiveVersion = 1;
	classes = {
	};
	objectVersion = 46;
	objects = {

/* Begin PBXBuildFile section */
		C7DDBF4C1ED28D030090A779 /* main.m in Sources */ = {isa = PBXBuildFile; fileRef = C7DDBF4B1ED28D030090A779 /* main.m */; };
		C7DDBF4F1ED28D030090A779 /* AppDelegate.m in Sources */ = {isa = PBXBuildFile; fileRef = C7DDBF4E1ED28D030090A779 /* AppDelegate.m */; };
		C7DDBF521ED28D030090A779 /* ViewController.m in Sources */ = {isa = PBXBuildFile; fileRef = C7DDBF511ED28D030090A779 /* ViewController.m */; };
		C7DDBF551ED28D030090A779 /* Main.storyboard in Resources */ = {isa = PBXBuildFile; fileRef = C7DDBF531ED28D030090A779 /* Main.storyboard */; };
		C7DDBF571ED28D030090A779 /* Assets.xcassets in Resources */ = {isa = PBXBuildFile; fileRef = C7DDBF561ED28D030090A779 /* Assets.xcassets */; };
		C7DDBF5A1ED28D030090A779 /* LaunchScreen.storyboard in Resources */ = {isa = PBXBuildFile; fileRef = C7DDBF581ED28D030090A779 /* LaunchScreen.storyboard */; };
		C7DDBF641ED28D3B0090A779 /* RootViewController.m in Sources */ = {isa = PBXBuildFile; fileRef = C7DDBF631ED28D3B0090A779 /* RootViewController.m */; };
		C7DDBF6A1ED28DD00090A779 /* MainView.m in Sources */ = {isa = PBXBuildFile; fileRef = C7DDBF671ED28DD00090A779 /* MainView.m */; };
		C7DDBF6B1ED28DD00090A779 /* MainViewController.m in Sources */ = {isa = PBXBuildFile; fileRef = C7DDBF691ED28DD00090A779 /* MainViewController.m */; };
		C7DDBF6D1ED28DDA0090A779 /* MainView.xib in Resources */ = {isa = PBXBuildFile; fileRef = C7DDBF6C1ED28DDA0090A779 /* MainView.xib */; };
		C7DDBF711ED28EC50090A779 /* SoundEngine.cpp in Sources */ = {isa = PBXBuildFile; fileRef = C7DDBF6F1ED28EC50090A779 /* SoundEngine.cpp */; };
		C7DDBF741ED290500090A779 /* OpenAL.framework in Frameworks */ = {isa = PBXBuildFile; fileRef = C7DDBF731ED290500090A779 /* OpenAL.framework */; };
		C7DDBF7A1ED296460090A779 /* FlipsideView.m in Sources */ = {isa = PBXBuildFile; fileRef = C7DDBF771ED296460090A779 /* FlipsideView.m */; };
		C7DDBF7B1ED296460090A779 /* FlipsideViewController.m in Sources */ = {isa = PBXBuildFile; fileRef = C7DDBF791ED296460090A779 /* FlipsideViewController.m */; };
		C7DDBF7D1ED296530090A779 /* FlipsideView.xib in Resources */ = {isa = PBXBuildFile; fileRef = C7DDBF7C1ED296530090A779 /* FlipsideView.xib */; };
		C7DDC0051ED2C4DD0090A779 /* oceanwaves.m4v in Resources */ = {isa = PBXBuildFile; fileRef = C7DDC0011ED2C4DD0090A779 /* oceanwaves.m4v */; };
		C7DDC0061ED2C4DD0090A779 /* oceanwaves.png in Resources */ = {isa = PBXBuildFile; fileRef = C7DDC0021ED2C4DD0090A779 /* oceanwaves.png */; };
		C7DDC0071ED2C4DD0090A779 /* pillowIcon.png in Resources */ = {isa = PBXBuildFile; fileRef = C7DDC0031ED2C4DD0090A779 /* pillowIcon.png */; };
		C7DDC0081ED2C4DD0090A779 /* playmusic.png in Resources */ = {isa = PBXBuildFile; fileRef = C7DDC0041ED2C4DD0090A779 /* playmusic.png */; };
/* End PBXBuildFile section */

/* Begin PBXFileReference section */
		C7DDBF471ED28D020090A779 /* WaterfallLearn1.app */ = {isa = PBXFileReference; explicitFileType = wrapper.application; includeInIndex = 0; path = WaterfallLearn1.app; sourceTree = BUILT_PRODUCTS_DIR; };
		C7DDBF4B1ED28D030090A779 /* main.m */ = {isa = PBXFileReference; lastKnownFileType = sourcecode.c.objc; path = main.m; sourceTree = "<group>"; };
		C7DDBF4D1ED28D030090A779 /* AppDelegate.h */ = {isa = PBXFileReference; lastKnownFileType = sourcecode.c.h; path = AppDelegate.h; sourceTree = "<group>"; };
		C7DDBF4E1ED28D030090A779 /* AppDelegate.m */ = {isa = PBXFileReference; lastKnownFileType = sourcecode.c.objc; path = AppDelegate.m; sourceTree = "<group>"; };
		C7DDBF501ED28D030090A779 /* ViewController.h */ = {isa = PBXFileReference; lastKnownFileType = sourcecode.c.h; path = ViewController.h; sourceTree = "<group>"; };
		C7DDBF511ED28D030090A779 /* ViewController.m */ = {isa = PBXFileReference; lastKnownFileType = sourcecode.c.objc; path = ViewController.m; sourceTree = "<group>"; };
		C7DDBF541ED28D030090A779 /* Base */ = {isa = PBXFileReference; lastKnownFileType = file.storyboard; name = Base; path = Base.lproj/Main.storyboard; sourceTree = "<group>"; };
		C7DDBF561ED28D030090A779 /* Assets.xcassets */ = {isa = PBXFileReference; lastKnownFileType = folder.assetcatalog; path = Assets.xcassets; sourceTree = "<group>"; };
		C7DDBF591ED28D030090A779 /* Base */ = {isa = PBXFileReference; lastKnownFileType = file.storyboard; name = Base; path = Base.lproj/LaunchScreen.storyboard; sourceTree = "<group>"; };
		C7DDBF5B1ED28D030090A779 /* Info.plist */ = {isa = PBXFileReference; lastKnownFileType = text.plist.xml; path = Info.plist; sourceTree = "<group>"; };
		C7DDBF621ED28D3B0090A779 /* RootViewController.h */ = {isa = PBXFileReference; fileEncoding = 4; lastKnownFileType = sourcecode.c.h; path = RootViewController.h; sourceTree = "<group>"; };
		C7DDBF631ED28D3B0090A779 /* RootViewController.m */ = {isa = PBXFileReference; fileEncoding = 4; lastKnownFileType = sourcecode.c.objc; path = RootViewController.m; sourceTree = "<group>"; };
		C7DDBF661ED28DD00090A779 /* MainView.h */ = {isa = PBXFileReference; fileEncoding = 4; lastKnownFileType = sourcecode.c.h; path = MainView.h; sourceTree = "<group>"; };
		C7DDBF671ED28DD00090A779 /* MainView.m */ = {isa = PBXFileReference; fileEncoding = 4; lastKnownFileType = sourcecode.c.objc; path = MainView.m; sourceTree = "<group>"; };
		C7DDBF681ED28DD00090A779 /* MainViewController.h */ = {isa = PBXFileReference; fileEncoding = 4; lastKnownFileType = sourcecode.c.h; path = MainViewController.h; sourceTree = "<group>"; };
		C7DDBF691ED28DD00090A779 /* MainViewController.m */ = {isa = PBXFileReference; fileEncoding = 4; lastKnownFileType = sourcecode.c.objc; path = MainViewController.m; sourceTree = "<group>"; };
		C7DDBF6C1ED28DDA0090A779 /* MainView.xib */ = {isa = PBXFileReference; fileEncoding = 4; lastKnownFileType = file.xib; path = MainView.xib; sourceTree = "<group>"; };
		C7DDBF6F1ED28EC50090A779 /* SoundEngine.cpp */ = {isa = PBXFileReference; fileEncoding = 4; lastKnownFileType = sourcecode.cpp.cpp; path = SoundEngine.cpp; sourceTree = "<group>"; };
		C7DDBF701ED28EC50090A779 /* SoundEngine.h */ = {isa = PBXFileReference; fileEncoding = 4; lastKnownFileType = sourcecode.c.h; path = SoundEngine.h; sourceTree = "<group>"; };
		C7DDBF731ED290500090A779 /* OpenAL.framework */ = {isa = PBXFileReference; lastKnownFileType = wrapper.framework; name = OpenAL.framework; path = System/Library/Frameworks/OpenAL.framework; sourceTree = SDKROOT; };
		C7DDBF761ED296460090A779 /* FlipsideView.h */ = {isa = PBXFileReference; fileEncoding = 4; lastKnownFileType = sourcecode.c.h; path = FlipsideView.h; sourceTree = "<group>"; };
		C7DDBF771ED296460090A779 /* FlipsideView.m */ = {isa = PBXFileReference; fileEncoding = 4; lastKnownFileType = sourcecode.c.objc; path = FlipsideView.m; sourceTree = "<group>"; };
		C7DDBF781ED296460090A779 /* FlipsideViewController.h */ = {isa = PBXFileReference; fileEncoding = 4; lastKnownFileType = sourcecode.c.h; path = FlipsideViewController.h; sourceTree = "<group>"; };
		C7DDBF791ED296460090A779 /* FlipsideViewController.m */ = {isa = PBXFileReference; fileEncoding = 4; lastKnownFileType = sourcecode.c.objc; path = FlipsideViewController.m; sourceTree = "<group>"; };
		C7DDBF7C1ED296530090A779 /* FlipsideView.xib */ = {isa = PBXFileReference; fileEncoding = 4; lastKnownFileType = file.xib; path = FlipsideView.xib; sourceTree = "<group>"; };
		C7DDC0011ED2C4DD0090A779 /* oceanwaves.m4v */ = {isa = PBXFileReference; lastKnownFileType = file; path = oceanwaves.m4v; sourceTree = "<group>"; };
		C7DDC0021ED2C4DD0090A779 /* oceanwaves.png */ = {isa = PBXFileReference; lastKnownFileType = image.png; path = oceanwaves.png; sourceTree = "<group>"; };
		C7DDC0031ED2C4DD0090A779 /* pillowIcon.png */ = {isa = PBXFileReference; lastKnownFileType = image.png; path = pillowIcon.png; sourceTree = "<group>"; };
		C7DDC0041ED2C4DD0090A779 /* playmusic.png */ = {isa = PBXFileReference; lastKnownFileType = image.png; path = playmusic.png; sourceTree = "<group>"; };
/* End PBXFileReference section */

/* Begin PBXFrameworksBuildPhase section */
		C7DDBF441ED28D020090A779 /* Frameworks */ = {
			isa = PBXFrameworksBuildPhase;
			buildActionMask = 2147483647;
			files = (
				C7DDBF741ED290500090A779 /* OpenAL.framework in Frameworks */,
			);
			runOnlyForDeploymentPostprocessing = 0;
		};
/* End PBXFrameworksBuildPhase section */

/* Begin PBXGroup section */
		C7DDBF3E1ED28D020090A779 = {
			isa = PBXGroup;
			children = (
				C7DDBF491ED28D020090A779 /* WaterfallLearn1 */,
				C7DDBF481ED28D020090A779 /* Products */,
				C7DDBF721ED290500090A779 /* Frameworks */,
			);
			sourceTree = "<group>";
		};
		C7DDBF481ED28D020090A779 /* Products */ = {
			isa = PBXGroup;
			children = (
				C7DDBF471ED28D020090A779 /* WaterfallLearn1.app */,
			);
			name = Products;
			sourceTree = "<group>";
		};
		C7DDBF491ED28D020090A779 /* WaterfallLearn1 */ = {
			isa = PBXGroup;
			children = (
				C7DDBF4D1ED28D030090A779 /* AppDelegate.h */,
				C7DDBF4E1ED28D030090A779 /* AppDelegate.m */,
				C7DDBF501ED28D030090A779 /* ViewController.h */,
				C7DDBF511ED28D030090A779 /* ViewController.m */,
				C7DDBF6E1ED28EC50090A779 /* AudioSupport */,
				C7DDBF751ED296380090A779 /* FlipsideVC */,
				C7DDBF651ED28DC30090A779 /* MainViewVC */,
				C7DDBF611ED28D190090A779 /* RootVC */,
				C7DDBF531ED28D030090A779 /* Main.storyboard */,
				C7DDBF561ED28D030090A779 /* Assets.xcassets */,
				C7DDBF581ED28D030090A779 /* LaunchScreen.storyboard */,
				C7DDBF5B1ED28D030090A779 /* Info.plist */,
				C7DDBF4A1ED28D030090A779 /* Supporting Files */,
			);
			path = WaterfallLearn1;
			sourceTree = "<group>";
		};
		C7DDBF4A1ED28D030090A779 /* Supporting Files */ = {
			isa = PBXGroup;
			children = (
				C7DDBF4B1ED28D030090A779 /* main.m */,
			);
			name = "Supporting Files";
			sourceTree = "<group>";
		};
		C7DDBF611ED28D190090A779 /* RootVC */ = {
			isa = PBXGroup;
			children = (
				C7DDC0001ED2C4DD0090A779 /* views */,
				C7DDBF621ED28D3B0090A779 /* RootViewController.h */,
				C7DDBF631ED28D3B0090A779 /* RootViewController.m */,
			);
			path = RootVC;
			sourceTree = "<group>";
		};
		C7DDBF651ED28DC30090A779 /* MainViewVC */ = {
			isa = PBXGroup;
			children = (
				C7DDBF661ED28DD00090A779 /* MainView.h */,
				C7DDBF671ED28DD00090A779 /* MainView.m */,
				C7DDBF6C1ED28DDA0090A779 /* MainView.xib */,
				C7DDBF681ED28DD00090A779 /* MainViewController.h */,
				C7DDBF691ED28DD00090A779 /* MainViewController.m */,
			);
			path = MainViewVC;
			sourceTree = "<group>";
		};
		C7DDBF6E1ED28EC50090A779 /* AudioSupport */ = {
			isa = PBXGroup;
			children = (
				C7DDBF6F1ED28EC50090A779 /* SoundEngine.cpp */,
				C7DDBF701ED28EC50090A779 /* SoundEngine.h */,
			);
			path = AudioSupport;
			sourceTree = "<group>";
		};
		C7DDBF721ED290500090A779 /* Frameworks */ = {
			isa = PBXGroup;
			children = (
				C7DDBF731ED290500090A779 /* OpenAL.framework */,
			);
			name = Frameworks;
			sourceTree = "<group>";
		};
		C7DDBF751ED296380090A779 /* FlipsideVC */ = {
			isa = PBXGroup;
			children = (
				C7DDBF7C1ED296530090A779 /* FlipsideView.xib */,
				C7DDBF761ED296460090A779 /* FlipsideView.h */,
				C7DDBF771ED296460090A779 /* FlipsideView.m */,
				C7DDBF781ED296460090A779 /* FlipsideViewController.h */,
				C7DDBF791ED296460090A779 /* FlipsideViewController.m */,
			);
			path = FlipsideVC;
			sourceTree = "<group>";
		};
		C7DDC0001ED2C4DD0090A779 /* views */ = {
			isa = PBXGroup;
			children = (
				C7DDC0011ED2C4DD0090A779 /* oceanwaves.m4v */,
				C7DDC0021ED2C4DD0090A779 /* oceanwaves.png */,
				C7DDC0031ED2C4DD0090A779 /* pillowIcon.png */,
				C7DDC0041ED2C4DD0090A779 /* playmusic.png */,
			);
			path = views;
			sourceTree = "<group>";
		};
/* End PBXGroup section */

/* Begin PBXNativeTarget section */
		C7DDBF461ED28D020090A779 /* WaterfallLearn1 */ = {
			isa = PBXNativeTarget;
			buildConfigurationList = C7DDBF5E1ED28D030090A779 /* Build configuration list for PBXNativeTarget "WaterfallLearn1" */;
			buildPhases = (
				C7DDBF431ED28D020090A779 /* Sources */,
				C7DDBF441ED28D020090A779 /* Frameworks */,
				C7DDBF451ED28D020090A779 /* Resources */,
			);
			buildRules = (
			);
			dependencies = (
			);
			name = WaterfallLearn1;
			productName = WaterfallLearn1;
			productReference = C7DDBF471ED28D020090A779 /* WaterfallLearn1.app */;
			productType = "com.apple.product-type.application";
		};
/* End PBXNativeTarget section */

/* Begin PBXProject section */
		C7DDBF3F1ED28D020090A779 /* Project object */ = {
			isa = PBXProject;
			attributes = {
				LastUpgradeCheck = 0830;
				ORGANIZATIONNAME = xiaoyulong;
				TargetAttributes = {
					C7DDBF461ED28D020090A779 = {
						CreatedOnToolsVersion = 8.3.2;
						DevelopmentTeam = 76A5MLR63J;
						ProvisioningStyle = Automatic;
					};
				};
			};
			buildConfigurationList = C7DDBF421ED28D020090A779 /* Build configuration list for PBXProject "WaterfallLearn1" */;
			compatibilityVersion = "Xcode 3.2";
			developmentRegion = English;
			hasScannedForEncodings = 0;
			knownRegions = (
				en,
				Base,
			);
			mainGroup = C7DDBF3E1ED28D020090A779;
			productRefGroup = C7DDBF481ED28D020090A779 /* Products */;
			projectDirPath = "";
			projectRoot = "";
			targets = (
				C7DDBF461ED28D020090A779 /* WaterfallLearn1 */,
			);
		};
/* End PBXProject section */

/* Begin PBXResourcesBuildPhase section */
		C7DDBF451ED28D020090A779 /* Resources */ = {
			isa = PBXResourcesBuildPhase;
			buildActionMask = 2147483647;
			files = (
				C7DDBF7D1ED296530090A779 /* FlipsideView.xib in Resources */,
				C7DDC0071ED2C4DD0090A779 /* pillowIcon.png in Resources */,
				C7DDC0051ED2C4DD0090A779 /* oceanwaves.m4v in Resources */,
				C7DDC0061ED2C4DD0090A779 /* oceanwaves.png in Resources */,
				C7DDBF5A1ED28D030090A779 /* LaunchScreen.storyboard in Resources */,
				C7DDBF6D1ED28DDA0090A779 /* MainView.xib in Resources */,
				C7DDC0081ED2C4DD0090A779 /* playmusic.png in Resources */,
				C7DDBF571ED28D030090A779 /* Assets.xcassets in Resources */,
				C7DDBF551ED28D030090A779 /* Main.storyboard in Resources */,
			);
			runOnlyForDeploymentPostprocessing = 0;
		};
/* End PBXResourcesBuildPhase section */

/* Begin PBXSourcesBuildPhase section */
		C7DDBF431ED28D020090A779 /* Sources */ = {
			isa = PBXSourcesBuildPhase;
			buildActionMask = 2147483647;
			files = (
				C7DDBF6A1ED28DD00090A779 /* MainView.m in Sources */,
				C7DDBF7B1ED296460090A779 /* FlipsideViewController.m in Sources */,
				C7DDBF6B1ED28DD00090A779 /* MainViewController.m in Sources */,
				C7DDBF711ED28EC50090A779 /* SoundEngine.cpp in Sources */,
				C7DDBF521ED28D030090A779 /* ViewController.m in Sources */,
				C7DDBF7A1ED296460090A779 /* FlipsideView.m in Sources */,
				C7DDBF4F1ED28D030090A779 /* AppDelegate.m in Sources */,
				C7DDBF641ED28D3B0090A779 /* RootViewController.m in Sources */,
				C7DDBF4C1ED28D030090A779 /* main.m in Sources */,
			);
			runOnlyForDeploymentPostprocessing = 0;
		};
/* End PBXSourcesBuildPhase section */

/* Begin PBXVariantGroup section */
		C7DDBF531ED28D030090A779 /* Main.storyboard */ = {
			isa = PBXVariantGroup;
			children = (
				C7DDBF541ED28D030090A779 /* Base */,
			);
			name = Main.storyboard;
			sourceTree = "<group>";
		};
		C7DDBF581ED28D030090A779 /* LaunchScreen.storyboard */ = {
			isa = PBXVariantGroup;
			children = (
				C7DDBF591ED28D030090A779 /* Base */,
			);
			name = LaunchScreen.storyboard;
			sourceTree = "<group>";
		};
/* End PBXVariantGroup section */

/* Begin XCBuildConfiguration section */
		C7DDBF5C1ED28D030090A779 /* Debug */ = {
			isa = XCBuildConfiguration;
			buildSettings = {
				ALWAYS_SEARCH_USER_PATHS = NO;
				CLANG_ANALYZER_NONNULL = YES;
				CLANG_ANALYZER_NUMBER_OBJECT_CONVERSION = YES_AGGRESSIVE;
				CLANG_CXX_LANGUAGE_STANDARD = "gnu++0x";
				CLANG_CXX_LIBRARY = "libc++";
				CLANG_ENABLE_MODULES = YES;
				CLANG_ENABLE_OBJC_ARC = YES;
				CLANG_WARN_BOOL_CONVERSION = YES;
				CLANG_WARN_CONSTANT_CONVERSION = YES;
				CLANG_WARN_DIRECT_OBJC_ISA_USAGE = YES_ERROR;
				CLANG_WARN_DOCUMENTATION_COMMENTS = YES;
				CLANG_WARN_EMPTY_BODY = YES;
				CLANG_WARN_ENUM_CONVERSION = YES;
				CLANG_WARN_INFINITE_RECURSION = YES;
				CLANG_WARN_INT_CONVERSION = YES;
				CLANG_WARN_OBJC_ROOT_CLASS = YES_ERROR;
				CLANG_WARN_SUSPICIOUS_MOVE = YES;
				CLANG_WARN_UNREACHABLE_CODE = YES;
				CLANG_WARN__DUPLICATE_METHOD_MATCH = YES;
				"CODE_SIGN_IDENTITY[sdk=iphoneos*]" = "iPhone Developer";
				COPY_PHASE_STRIP = NO;
				DEBUG_INFORMATION_FORMAT = dwarf;
				ENABLE_STRICT_OBJC_MSGSEND = YES;
				ENABLE_TESTABILITY = YES;
				GCC_C_LANGUAGE_STANDARD = gnu99;
				GCC_DYNAMIC_NO_PIC = NO;
				GCC_NO_COMMON_BLOCKS = YES;
				GCC_OPTIMIZATION_LEVEL = 0;
				GCC_PREPROCESSOR_DEFINITIONS = (
					"DEBUG=1",
					"$(inherited)",
				);
				GCC_WARN_64_TO_32_BIT_CONVERSION = YES;
				GCC_WARN_ABOUT_RETURN_TYPE = YES_ERROR;
				GCC_WARN_UNDECLARED_SELECTOR = YES;
				GCC_WARN_UNINITIALIZED_AUTOS = YES_AGGRESSIVE;
				GCC_WARN_UNUSED_FUNCTION = YES;
				GCC_WARN_UNUSED_VARIABLE = YES;
				IPHONEOS_DEPLOYMENT_TARGET = 10.3;
				MTL_ENABLE_DEBUG_INFO = YES;
				ONLY_ACTIVE_ARCH = YES;
				SDKROOT = iphoneos;
				TARGETED_DEVICE_FAMILY = "1,2";
			};
			name = Debug;
		};
		C7DDBF5D1ED28D030090A779 /* Release */ = {
			isa = XCBuildConfiguration;
			buildSettings = {
				ALWAYS_SEARCH_USER_PATHS = NO;
				CLANG_ANALYZER_NONNULL = YES;
				CLANG_ANALYZER_NUMBER_OBJECT_CONVERSION = YES_AGGRESSIVE;
				CLANG_CXX_LANGUAGE_STANDARD = "gnu++0x";
				CLANG_CXX_LIBRARY = "libc++";
				CLANG_ENABLE_MODULES = YES;
				CLANG_ENABLE_OBJC_ARC = YES;
				CLANG_WARN_BOOL_CONVERSION = YES;
				CLANG_WARN_CONSTANT_CONVERSION = YES;
				CLANG_WARN_DIRECT_OBJC_ISA_USAGE = YES_ERROR;
				CLANG_WARN_DOCUMENTATION_COMMENTS = YES;
				CLANG_WARN_EMPTY_BODY = YES;
				CLANG_WARN_ENUM_CONVERSION = YES;
				CLANG_WARN_INFINITE_RECURSION = YES;
				CLANG_WARN_INT_CONVERSION = YES;
				CLANG_WARN_OBJC_ROOT_CLASS = YES_ERROR;
				CLANG_WARN_SUSPICIOUS_MOVE = YES;
				CLANG_WARN_UNREACHABLE_CODE = YES;
				CLANG_WARN__DUPLICATE_METHOD_MATCH = YES;
				"CODE_SIGN_IDENTITY[sdk=iphoneos*]" = "iPhone Developer";
				COPY_PHASE_STRIP = NO;
				DEBUG_INFORMATION_FORMAT = "dwarf-with-dsym";
				ENABLE_NS_ASSERTIONS = NO;
				ENABLE_STRICT_OBJC_MSGSEND = YES;
				GCC_C_LANGUAGE_STANDARD = gnu99;
				GCC_NO_COMMON_BLOCKS = YES;
				GCC_WARN_64_TO_32_BIT_CONVERSION = YES;
				GCC_WARN_ABOUT_RETURN_TYPE = YES_ERROR;
				GCC_WARN_UNDECLARED_SELECTOR = YES;
				GCC_WARN_UNINITIALIZED_AUTOS = YES_AGGRESSIVE;
				GCC_WARN_UNUSED_FUNCTION = YES;
				GCC_WARN_UNUSED_VARIABLE = YES;
				IPHONEOS_DEPLOYMENT_TARGET = 10.3;
				MTL_ENABLE_DEBUG_INFO = NO;
				SDKROOT = iphoneos;
				TARGETED_DEVICE_FAMILY = "1,2";
				VALIDATE_PRODUCT = YES;
			};
			name = Release;
		};
		C7DDBF5F1ED28D030090A779 /* Debug */ = {
			isa = XCBuildConfiguration;
			buildSettings = {
				ASSETCATALOG_COMPILER_APPICON_NAME = AppIcon;
				DEVELOPMENT_TEAM = 76A5MLR63J;
				INFOPLIST_FILE = WaterfallLearn1/Info.plist;
				LD_RUNPATH_SEARCH_PATHS = "$(inherited) @executable_path/Frameworks";
				PRODUCT_BUNDLE_IDENTIFIER = com.ztev.WaterfallLearn1;
				PRODUCT_NAME = "$(TARGET_NAME)";
			};
			name = Debug;
		};
		C7DDBF601ED28D030090A779 /* Release */ = {
			isa = XCBuildConfiguration;
			buildSettings = {
				ASSETCATALOG_COMPILER_APPICON_NAME = AppIcon;
				DEVELOPMENT_TEAM = 76A5MLR63J;
				INFOPLIST_FILE = WaterfallLearn1/Info.plist;
				LD_RUNPATH_SEARCH_PATHS = "$(inherited) @executable_path/Frameworks";
				PRODUCT_BUNDLE_IDENTIFIER = com.ztev.WaterfallLearn1;
				PRODUCT_NAME = "$(TARGET_NAME)";
			};
			name = Release;
		};
/* End XCBuildConfiguration section */

/* Begin XCConfigurationList section */
		C7DDBF421ED28D020090A779 /* Build configuration list for PBXProject "WaterfallLearn1" */ = {
			isa = XCConfigurationList;
			buildConfigurations = (
				C7DDBF5C1ED28D030090A779 /* Debug */,
				C7DDBF5D1ED28D030090A779 /* Release */,
			);
			defaultConfigurationIsVisible = 0;
			defaultConfigurationName = Release;
		};
		C7DDBF5E1ED28D030090A779 /* Build configuration list for PBXNativeTarget "WaterfallLearn1" */ = {
			isa = XCConfigurationList;
			buildConfigurations = (
				C7DDBF5F1ED28D030090A779 /* Debug */,
				C7DDBF601ED28D030090A779 /* Release */,
			);
			defaultConfigurationIsVisible = 0;
			defaultConfigurationName = Release;
		};
/* End XCConfigurationList section */
	};
	rootObject = C7DDBF3F1ED28D020090A779 /* Project object */;
}
