// !$*UTF8*$!
{
	archiveVersion = 1;
	classes = {
	};
	objectVersion = 48;
	objects = {

/* Begin PBXBuildFile section */
		C7FA84D21FF78CD200C1D56A /* AppDelegate.swift in Sources */ = {isa = PBXBuildFile; fileRef = C7FA84D11FF78CD200C1D56A /* AppDelegate.swift */; };
		C7FA84D41FF78CD200C1D56A /* ViewController.swift in Sources */ = {isa = PBXBuildFile; fileRef = C7FA84D31FF78CD200C1D56A /* ViewController.swift */; };
		C7FA84D71FF78CD200C1D56A /* Main.storyboard in Resources */ = {isa = PBXBuildFile; fileRef = C7FA84D51FF78CD200C1D56A /* Main.storyboard */; };
		C7FA84D91FF78CD200C1D56A /* Assets.xcassets in Resources */ = {isa = PBXBuildFile; fileRef = C7FA84D81FF78CD200C1D56A /* Assets.xcassets */; };
		C7FA84DC1FF78CD200C1D56A /* LaunchScreen.storyboard in Resources */ = {isa = PBXBuildFile; fileRef = C7FA84DA1FF78CD200C1D56A /* LaunchScreen.storyboard */; };
		C7FA84E11FF78CD300C1D56A /* iWatchLearn1 WatchKit App.app in Embed Watch Content */ = {isa = PBXBuildFile; fileRef = C7FA84E01FF78CD300C1D56A /* iWatchLearn1 WatchKit App.app */; };
		C7FA84E71FF78CD300C1D56A /* Interface.storyboard in Resources */ = {isa = PBXBuildFile; fileRef = C7FA84E51FF78CD300C1D56A /* Interface.storyboard */; };
		C7FA84E91FF78CD300C1D56A /* Assets.xcassets in Resources */ = {isa = PBXBuildFile; fileRef = C7FA84E81FF78CD300C1D56A /* Assets.xcassets */; };
		C7FA84F01FF78CD300C1D56A /* iWatchLearn1 WatchKit Extension.appex in Embed App Extensions */ = {isa = PBXBuildFile; fileRef = C7FA84EF1FF78CD300C1D56A /* iWatchLearn1 WatchKit Extension.appex */; settings = {ATTRIBUTES = (RemoveHeadersOnCopy, ); }; };
		C7FA84F51FF78CD300C1D56A /* InterfaceController.swift in Sources */ = {isa = PBXBuildFile; fileRef = C7FA84F41FF78CD300C1D56A /* InterfaceController.swift */; };
		C7FA84F71FF78CD300C1D56A /* ExtensionDelegate.swift in Sources */ = {isa = PBXBuildFile; fileRef = C7FA84F61FF78CD300C1D56A /* ExtensionDelegate.swift */; };
		C7FA84F91FF78CD300C1D56A /* NotificationController.swift in Sources */ = {isa = PBXBuildFile; fileRef = C7FA84F81FF78CD300C1D56A /* NotificationController.swift */; };
		C7FA84FB1FF78CD300C1D56A /* ComplicationController.swift in Sources */ = {isa = PBXBuildFile; fileRef = C7FA84FA1FF78CD300C1D56A /* ComplicationController.swift */; };
		C7FA84FD1FF78CD300C1D56A /* Assets.xcassets in Resources */ = {isa = PBXBuildFile; fileRef = C7FA84FC1FF78CD300C1D56A /* Assets.xcassets */; };
		C7FA850E1FF78DF100C1D56A /* 1.新建一个iWatchApp工程.png in Resources */ = {isa = PBXBuildFile; fileRef = C7FA850D1FF78DF100C1D56A /* 1.新建一个iWatchApp工程.png */; };
		C7FA85101FF78E6F00C1D56A /* 2.新建一个iWatchApp工程.png in Resources */ = {isa = PBXBuildFile; fileRef = C7FA850F1FF78E6F00C1D56A /* 2.新建一个iWatchApp工程.png */; };
		C7FA85121FF793AB00C1D56A /* Counter.swift in Sources */ = {isa = PBXBuildFile; fileRef = C7FA85111FF793AB00C1D56A /* Counter.swift */; };
/* End PBXBuildFile section */

/* Begin PBXContainerItemProxy section */
		C7FA84E21FF78CD300C1D56A /* PBXContainerItemProxy */ = {
			isa = PBXContainerItemProxy;
			containerPortal = C7FA84C61FF78CD200C1D56A /* Project object */;
			proxyType = 1;
			remoteGlobalIDString = C7FA84DF1FF78CD300C1D56A;
			remoteInfo = "iWatchLearn1 WatchKit App";
		};
		C7FA84F11FF78CD300C1D56A /* PBXContainerItemProxy */ = {
			isa = PBXContainerItemProxy;
			containerPortal = C7FA84C61FF78CD200C1D56A /* Project object */;
			proxyType = 1;
			remoteGlobalIDString = C7FA84EE1FF78CD300C1D56A;
			remoteInfo = "iWatchLearn1 WatchKit Extension";
		};
/* End PBXContainerItemProxy section */

/* Begin PBXCopyFilesBuildPhase section */
		C7FA85051FF78CD300C1D56A /* Embed App Extensions */ = {
			isa = PBXCopyFilesBuildPhase;
			buildActionMask = 2147483647;
			dstPath = "";
			dstSubfolderSpec = 13;
			files = (
				C7FA84F01FF78CD300C1D56A /* iWatchLearn1 WatchKit Extension.appex in Embed App Extensions */,
			);
			name = "Embed App Extensions";
			runOnlyForDeploymentPostprocessing = 0;
		};
		C7FA85091FF78CD300C1D56A /* Embed Watch Content */ = {
			isa = PBXCopyFilesBuildPhase;
			buildActionMask = 2147483647;
			dstPath = "$(CONTENTS_FOLDER_PATH)/Watch";
			dstSubfolderSpec = 16;
			files = (
				C7FA84E11FF78CD300C1D56A /* iWatchLearn1 WatchKit App.app in Embed Watch Content */,
			);
			name = "Embed Watch Content";
			runOnlyForDeploymentPostprocessing = 0;
		};
/* End PBXCopyFilesBuildPhase section */

/* Begin PBXFileReference section */
		C7FA84CE1FF78CD200C1D56A /* iWatchLearn1.app */ = {isa = PBXFileReference; explicitFileType = wrapper.application; includeInIndex = 0; path = iWatchLearn1.app; sourceTree = BUILT_PRODUCTS_DIR; };
		C7FA84D11FF78CD200C1D56A /* AppDelegate.swift */ = {isa = PBXFileReference; lastKnownFileType = sourcecode.swift; path = AppDelegate.swift; sourceTree = "<group>"; };
		C7FA84D31FF78CD200C1D56A /* ViewController.swift */ = {isa = PBXFileReference; lastKnownFileType = sourcecode.swift; path = ViewController.swift; sourceTree = "<group>"; };
		C7FA84D61FF78CD200C1D56A /* Base */ = {isa = PBXFileReference; lastKnownFileType = file.storyboard; name = Base; path = Base.lproj/Main.storyboard; sourceTree = "<group>"; };
		C7FA84D81FF78CD200C1D56A /* Assets.xcassets */ = {isa = PBXFileReference; lastKnownFileType = folder.assetcatalog; path = Assets.xcassets; sourceTree = "<group>"; };
		C7FA84DB1FF78CD200C1D56A /* Base */ = {isa = PBXFileReference; lastKnownFileType = file.storyboard; name = Base; path = Base.lproj/LaunchScreen.storyboard; sourceTree = "<group>"; };
		C7FA84DD1FF78CD200C1D56A /* Info.plist */ = {isa = PBXFileReference; lastKnownFileType = text.plist.xml; path = Info.plist; sourceTree = "<group>"; };
		C7FA84E01FF78CD300C1D56A /* iWatchLearn1 WatchKit App.app */ = {isa = PBXFileReference; explicitFileType = wrapper.application; includeInIndex = 0; path = "iWatchLearn1 WatchKit App.app"; sourceTree = BUILT_PRODUCTS_DIR; };
		C7FA84E61FF78CD300C1D56A /* Base */ = {isa = PBXFileReference; lastKnownFileType = file.storyboard; name = Base; path = Base.lproj/Interface.storyboard; sourceTree = "<group>"; };
		C7FA84E81FF78CD300C1D56A /* Assets.xcassets */ = {isa = PBXFileReference; lastKnownFileType = folder.assetcatalog; path = Assets.xcassets; sourceTree = "<group>"; };
		C7FA84EA1FF78CD300C1D56A /* Info.plist */ = {isa = PBXFileReference; lastKnownFileType = text.plist.xml; path = Info.plist; sourceTree = "<group>"; };
		C7FA84EF1FF78CD300C1D56A /* iWatchLearn1 WatchKit Extension.appex */ = {isa = PBXFileReference; explicitFileType = "wrapper.app-extension"; includeInIndex = 0; path = "iWatchLearn1 WatchKit Extension.appex"; sourceTree = BUILT_PRODUCTS_DIR; };
		C7FA84F41FF78CD300C1D56A /* InterfaceController.swift */ = {isa = PBXFileReference; lastKnownFileType = sourcecode.swift; path = InterfaceController.swift; sourceTree = "<group>"; };
		C7FA84F61FF78CD300C1D56A /* ExtensionDelegate.swift */ = {isa = PBXFileReference; lastKnownFileType = sourcecode.swift; path = ExtensionDelegate.swift; sourceTree = "<group>"; };
		C7FA84F81FF78CD300C1D56A /* NotificationController.swift */ = {isa = PBXFileReference; lastKnownFileType = sourcecode.swift; path = NotificationController.swift; sourceTree = "<group>"; };
		C7FA84FA1FF78CD300C1D56A /* ComplicationController.swift */ = {isa = PBXFileReference; lastKnownFileType = sourcecode.swift; path = ComplicationController.swift; sourceTree = "<group>"; };
		C7FA84FC1FF78CD300C1D56A /* Assets.xcassets */ = {isa = PBXFileReference; lastKnownFileType = folder.assetcatalog; path = Assets.xcassets; sourceTree = "<group>"; };
		C7FA84FE1FF78CD300C1D56A /* Info.plist */ = {isa = PBXFileReference; lastKnownFileType = text.plist.xml; path = Info.plist; sourceTree = "<group>"; };
		C7FA84FF1FF78CD300C1D56A /* PushNotificationPayload.apns */ = {isa = PBXFileReference; lastKnownFileType = text; path = PushNotificationPayload.apns; sourceTree = "<group>"; };
		C7FA850D1FF78DF100C1D56A /* 1.新建一个iWatchApp工程.png */ = {isa = PBXFileReference; lastKnownFileType = image.png; path = "1.新建一个iWatchApp工程.png"; sourceTree = "<group>"; };
		C7FA850F1FF78E6F00C1D56A /* 2.新建一个iWatchApp工程.png */ = {isa = PBXFileReference; lastKnownFileType = image.png; path = "2.新建一个iWatchApp工程.png"; sourceTree = "<group>"; };
		C7FA85111FF793AB00C1D56A /* Counter.swift */ = {isa = PBXFileReference; lastKnownFileType = sourcecode.swift; path = Counter.swift; sourceTree = "<group>"; };
/* End PBXFileReference section */

/* Begin PBXFrameworksBuildPhase section */
		C7FA84CB1FF78CD200C1D56A /* Frameworks */ = {
			isa = PBXFrameworksBuildPhase;
			buildActionMask = 2147483647;
			files = (
			);
			runOnlyForDeploymentPostprocessing = 0;
		};
		C7FA84EC1FF78CD300C1D56A /* Frameworks */ = {
			isa = PBXFrameworksBuildPhase;
			buildActionMask = 2147483647;
			files = (
			);
			runOnlyForDeploymentPostprocessing = 0;
		};
/* End PBXFrameworksBuildPhase section */

/* Begin PBXGroup section */
		C7FA84C51FF78CD200C1D56A = {
			isa = PBXGroup;
			children = (
				C7FA84D01FF78CD200C1D56A /* iWatchLearn1 */,
				C7FA84E41FF78CD300C1D56A /* iWatchLearn1 WatchKit App */,
				C7FA84F31FF78CD300C1D56A /* iWatchLearn1 WatchKit Extension */,
				C7FA84CF1FF78CD200C1D56A /* Products */,
			);
			sourceTree = "<group>";
		};
		C7FA84CF1FF78CD200C1D56A /* Products */ = {
			isa = PBXGroup;
			children = (
				C7FA84CE1FF78CD200C1D56A /* iWatchLearn1.app */,
				C7FA84E01FF78CD300C1D56A /* iWatchLearn1 WatchKit App.app */,
				C7FA84EF1FF78CD300C1D56A /* iWatchLearn1 WatchKit Extension.appex */,
			);
			name = Products;
			sourceTree = "<group>";
		};
		C7FA84D01FF78CD200C1D56A /* iWatchLearn1 */ = {
			isa = PBXGroup;
			children = (
				C7FA850D1FF78DF100C1D56A /* 1.新建一个iWatchApp工程.png */,
				C7FA850F1FF78E6F00C1D56A /* 2.新建一个iWatchApp工程.png */,
				C7FA84D11FF78CD200C1D56A /* AppDelegate.swift */,
				C7FA84D31FF78CD200C1D56A /* ViewController.swift */,
				C7FA84D51FF78CD200C1D56A /* Main.storyboard */,
				C7FA84D81FF78CD200C1D56A /* Assets.xcassets */,
				C7FA84DA1FF78CD200C1D56A /* LaunchScreen.storyboard */,
				C7FA84DD1FF78CD200C1D56A /* Info.plist */,
			);
			path = iWatchLearn1;
			sourceTree = "<group>";
		};
		C7FA84E41FF78CD300C1D56A /* iWatchLearn1 WatchKit App */ = {
			isa = PBXGroup;
			children = (
				C7FA84E51FF78CD300C1D56A /* Interface.storyboard */,
				C7FA84E81FF78CD300C1D56A /* Assets.xcassets */,
				C7FA84EA1FF78CD300C1D56A /* Info.plist */,
			);
			path = "iWatchLearn1 WatchKit App";
			sourceTree = "<group>";
		};
		C7FA84F31FF78CD300C1D56A /* iWatchLearn1 WatchKit Extension */ = {
			isa = PBXGroup;
			children = (
				C7FA84F41FF78CD300C1D56A /* InterfaceController.swift */,
				C7FA85111FF793AB00C1D56A /* Counter.swift */,
				C7FA84F61FF78CD300C1D56A /* ExtensionDelegate.swift */,
				C7FA84F81FF78CD300C1D56A /* NotificationController.swift */,
				C7FA84FA1FF78CD300C1D56A /* ComplicationController.swift */,
				C7FA84FC1FF78CD300C1D56A /* Assets.xcassets */,
				C7FA84FE1FF78CD300C1D56A /* Info.plist */,
				C7FA84FF1FF78CD300C1D56A /* PushNotificationPayload.apns */,
			);
			path = "iWatchLearn1 WatchKit Extension";
			sourceTree = "<group>";
		};
/* End PBXGroup section */

/* Begin PBXNativeTarget section */
		C7FA84CD1FF78CD200C1D56A /* iWatchLearn1 */ = {
			isa = PBXNativeTarget;
			buildConfigurationList = C7FA850A1FF78CD300C1D56A /* Build configuration list for PBXNativeTarget "iWatchLearn1" */;
			buildPhases = (
				C7FA84CA1FF78CD200C1D56A /* Sources */,
				C7FA84CB1FF78CD200C1D56A /* Frameworks */,
				C7FA84CC1FF78CD200C1D56A /* Resources */,
				C7FA85091FF78CD300C1D56A /* Embed Watch Content */,
			);
			buildRules = (
			);
			dependencies = (
				C7FA84E31FF78CD300C1D56A /* PBXTargetDependency */,
			);
			name = iWatchLearn1;
			productName = iWatchLearn1;
			productReference = C7FA84CE1FF78CD200C1D56A /* iWatchLearn1.app */;
			productType = "com.apple.product-type.application";
		};
		C7FA84DF1FF78CD300C1D56A /* iWatchLearn1 WatchKit App */ = {
			isa = PBXNativeTarget;
			buildConfigurationList = C7FA85061FF78CD300C1D56A /* Build configuration list for PBXNativeTarget "iWatchLearn1 WatchKit App" */;
			buildPhases = (
				C7FA84DE1FF78CD300C1D56A /* Resources */,
				C7FA85051FF78CD300C1D56A /* Embed App Extensions */,
			);
			buildRules = (
			);
			dependencies = (
				C7FA84F21FF78CD300C1D56A /* PBXTargetDependency */,
			);
			name = "iWatchLearn1 WatchKit App";
			productName = "iWatchLearn1 WatchKit App";
			productReference = C7FA84E01FF78CD300C1D56A /* iWatchLearn1 WatchKit App.app */;
			productType = "com.apple.product-type.application.watchapp2";
		};
		C7FA84EE1FF78CD300C1D56A /* iWatchLearn1 WatchKit Extension */ = {
			isa = PBXNativeTarget;
			buildConfigurationList = C7FA85021FF78CD300C1D56A /* Build configuration list for PBXNativeTarget "iWatchLearn1 WatchKit Extension" */;
			buildPhases = (
				C7FA84EB1FF78CD300C1D56A /* Sources */,
				C7FA84EC1FF78CD300C1D56A /* Frameworks */,
				C7FA84ED1FF78CD300C1D56A /* Resources */,
			);
			buildRules = (
			);
			dependencies = (
			);
			name = "iWatchLearn1 WatchKit Extension";
			productName = "iWatchLearn1 WatchKit Extension";
			productReference = C7FA84EF1FF78CD300C1D56A /* iWatchLearn1 WatchKit Extension.appex */;
			productType = "com.apple.product-type.watchkit2-extension";
		};
/* End PBXNativeTarget section */

/* Begin PBXProject section */
		C7FA84C61FF78CD200C1D56A /* Project object */ = {
			isa = PBXProject;
			attributes = {
				LastSwiftUpdateCheck = 0920;
				LastUpgradeCheck = 0920;
				ORGANIZATIONNAME = xiaoyulong;
				TargetAttributes = {
					C7FA84CD1FF78CD200C1D56A = {
						CreatedOnToolsVersion = 9.2;
						ProvisioningStyle = Automatic;
					};
					C7FA84DF1FF78CD300C1D56A = {
						CreatedOnToolsVersion = 9.2;
						ProvisioningStyle = Automatic;
					};
					C7FA84EE1FF78CD300C1D56A = {
						CreatedOnToolsVersion = 9.2;
						ProvisioningStyle = Automatic;
					};
				};
			};
			buildConfigurationList = C7FA84C91FF78CD200C1D56A /* Build configuration list for PBXProject "iWatchLearn1" */;
			compatibilityVersion = "Xcode 8.0";
			developmentRegion = en;
			hasScannedForEncodings = 0;
			knownRegions = (
				en,
				Base,
			);
			mainGroup = C7FA84C51FF78CD200C1D56A;
			productRefGroup = C7FA84CF1FF78CD200C1D56A /* Products */;
			projectDirPath = "";
			projectRoot = "";
			targets = (
				C7FA84CD1FF78CD200C1D56A /* iWatchLearn1 */,
				C7FA84DF1FF78CD300C1D56A /* iWatchLearn1 WatchKit App */,
				C7FA84EE1FF78CD300C1D56A /* iWatchLearn1 WatchKit Extension */,
			);
		};
/* End PBXProject section */

/* Begin PBXResourcesBuildPhase section */
		C7FA84CC1FF78CD200C1D56A /* Resources */ = {
			isa = PBXResourcesBuildPhase;
			buildActionMask = 2147483647;
			files = (
				C7FA850E1FF78DF100C1D56A /* 1.新建一个iWatchApp工程.png in Resources */,
				C7FA85101FF78E6F00C1D56A /* 2.新建一个iWatchApp工程.png in Resources */,
				C7FA84DC1FF78CD200C1D56A /* LaunchScreen.storyboard in Resources */,
				C7FA84D91FF78CD200C1D56A /* Assets.xcassets in Resources */,
				C7FA84D71FF78CD200C1D56A /* Main.storyboard in Resources */,
			);
			runOnlyForDeploymentPostprocessing = 0;
		};
		C7FA84DE1FF78CD300C1D56A /* Resources */ = {
			isa = PBXResourcesBuildPhase;
			buildActionMask = 2147483647;
			files = (
				C7FA84E91FF78CD300C1D56A /* Assets.xcassets in Resources */,
				C7FA84E71FF78CD300C1D56A /* Interface.storyboard in Resources */,
			);
			runOnlyForDeploymentPostprocessing = 0;
		};
		C7FA84ED1FF78CD300C1D56A /* Resources */ = {
			isa = PBXResourcesBuildPhase;
			buildActionMask = 2147483647;
			files = (
				C7FA84FD1FF78CD300C1D56A /* Assets.xcassets in Resources */,
			);
			runOnlyForDeploymentPostprocessing = 0;
		};
/* End PBXResourcesBuildPhase section */

/* Begin PBXSourcesBuildPhase section */
		C7FA84CA1FF78CD200C1D56A /* Sources */ = {
			isa = PBXSourcesBuildPhase;
			buildActionMask = 2147483647;
			files = (
				C7FA84D41FF78CD200C1D56A /* ViewController.swift in Sources */,
				C7FA84D21FF78CD200C1D56A /* AppDelegate.swift in Sources */,
			);
			runOnlyForDeploymentPostprocessing = 0;
		};
		C7FA84EB1FF78CD300C1D56A /* Sources */ = {
			isa = PBXSourcesBuildPhase;
			buildActionMask = 2147483647;
			files = (
				C7FA85121FF793AB00C1D56A /* Counter.swift in Sources */,
				C7FA84F91FF78CD300C1D56A /* NotificationController.swift in Sources */,
				C7FA84FB1FF78CD300C1D56A /* ComplicationController.swift in Sources */,
				C7FA84F71FF78CD300C1D56A /* ExtensionDelegate.swift in Sources */,
				C7FA84F51FF78CD300C1D56A /* InterfaceController.swift in Sources */,
			);
			runOnlyForDeploymentPostprocessing = 0;
		};
/* End PBXSourcesBuildPhase section */

/* Begin PBXTargetDependency section */
		C7FA84E31FF78CD300C1D56A /* PBXTargetDependency */ = {
			isa = PBXTargetDependency;
			target = C7FA84DF1FF78CD300C1D56A /* iWatchLearn1 WatchKit App */;
			targetProxy = C7FA84E21FF78CD300C1D56A /* PBXContainerItemProxy */;
		};
		C7FA84F21FF78CD300C1D56A /* PBXTargetDependency */ = {
			isa = PBXTargetDependency;
			target = C7FA84EE1FF78CD300C1D56A /* iWatchLearn1 WatchKit Extension */;
			targetProxy = C7FA84F11FF78CD300C1D56A /* PBXContainerItemProxy */;
		};
/* End PBXTargetDependency section */

/* Begin PBXVariantGroup section */
		C7FA84D51FF78CD200C1D56A /* Main.storyboard */ = {
			isa = PBXVariantGroup;
			children = (
				C7FA84D61FF78CD200C1D56A /* Base */,
			);
			name = Main.storyboard;
			sourceTree = "<group>";
		};
		C7FA84DA1FF78CD200C1D56A /* LaunchScreen.storyboard */ = {
			isa = PBXVariantGroup;
			children = (
				C7FA84DB1FF78CD200C1D56A /* Base */,
			);
			name = LaunchScreen.storyboard;
			sourceTree = "<group>";
		};
		C7FA84E51FF78CD300C1D56A /* Interface.storyboard */ = {
			isa = PBXVariantGroup;
			children = (
				C7FA84E61FF78CD300C1D56A /* Base */,
			);
			name = Interface.storyboard;
			sourceTree = "<group>";
		};
/* End PBXVariantGroup section */

/* Begin XCBuildConfiguration section */
		C7FA85001FF78CD300C1D56A /* Debug */ = {
			isa = XCBuildConfiguration;
			buildSettings = {
				ALWAYS_SEARCH_USER_PATHS = NO;
				CLANG_ANALYZER_NONNULL = YES;
				CLANG_ANALYZER_NUMBER_OBJECT_CONVERSION = YES_AGGRESSIVE;
				CLANG_CXX_LANGUAGE_STANDARD = "gnu++14";
				CLANG_CXX_LIBRARY = "libc++";
				CLANG_ENABLE_MODULES = YES;
				CLANG_ENABLE_OBJC_ARC = YES;
				CLANG_WARN_BLOCK_CAPTURE_AUTORELEASING = YES;
				CLANG_WARN_BOOL_CONVERSION = YES;
				CLANG_WARN_COMMA = YES;
				CLANG_WARN_CONSTANT_CONVERSION = YES;
				CLANG_WARN_DIRECT_OBJC_ISA_USAGE = YES_ERROR;
				CLANG_WARN_DOCUMENTATION_COMMENTS = YES;
				CLANG_WARN_EMPTY_BODY = YES;
				CLANG_WARN_ENUM_CONVERSION = YES;
				CLANG_WARN_INFINITE_RECURSION = YES;
				CLANG_WARN_INT_CONVERSION = YES;
				CLANG_WARN_NON_LITERAL_NULL_CONVERSION = YES;
				CLANG_WARN_OBJC_LITERAL_CONVERSION = YES;
				CLANG_WARN_OBJC_ROOT_CLASS = YES_ERROR;
				CLANG_WARN_RANGE_LOOP_ANALYSIS = YES;
				CLANG_WARN_STRICT_PROTOTYPES = YES;
				CLANG_WARN_SUSPICIOUS_MOVE = YES;
				CLANG_WARN_UNGUARDED_AVAILABILITY = YES_AGGRESSIVE;
				CLANG_WARN_UNREACHABLE_CODE = YES;
				CLANG_WARN__DUPLICATE_METHOD_MATCH = YES;
				CODE_SIGN_IDENTITY = "iPhone Developer";
				COPY_PHASE_STRIP = NO;
				DEBUG_INFORMATION_FORMAT = dwarf;
				ENABLE_STRICT_OBJC_MSGSEND = YES;
				ENABLE_TESTABILITY = YES;
				GCC_C_LANGUAGE_STANDARD = gnu11;
				GCC_DYNAMIC_NO_PIC = NO;
				GCC_NO_COMMON_BLOCKS = YES;
				GCC_OPTIMIZATION_LEVEL = 0;
				GCC_PREPROCESSOR_DEFINITIONS = (
					"DEBUG=1",
					"$(inherited)",
				);
				GCC_WARN_64_TO_32_BIT_CONVERSION = YES;
				GCC_WARN_ABOUT_RETURN_TYPE = YES_ERROR;
				GCC_WARN_UNDECLARED_SELECTOR = YES;
				GCC_WARN_UNINITIALIZED_AUTOS = YES_AGGRESSIVE;
				GCC_WARN_UNUSED_FUNCTION = YES;
				GCC_WARN_UNUSED_VARIABLE = YES;
				IPHONEOS_DEPLOYMENT_TARGET = 11.2;
				MTL_ENABLE_DEBUG_INFO = YES;
				ONLY_ACTIVE_ARCH = YES;
				SDKROOT = iphoneos;
				SWIFT_ACTIVE_COMPILATION_CONDITIONS = DEBUG;
				SWIFT_OPTIMIZATION_LEVEL = "-Onone";
			};
			name = Debug;
		};
		C7FA85011FF78CD300C1D56A /* Release */ = {
			isa = XCBuildConfiguration;
			buildSettings = {
				ALWAYS_SEARCH_USER_PATHS = NO;
				CLANG_ANALYZER_NONNULL = YES;
				CLANG_ANALYZER_NUMBER_OBJECT_CONVERSION = YES_AGGRESSIVE;
				CLANG_CXX_LANGUAGE_STANDARD = "gnu++14";
				CLANG_CXX_LIBRARY = "libc++";
				CLANG_ENABLE_MODULES = YES;
				CLANG_ENABLE_OBJC_ARC = YES;
				CLANG_WARN_BLOCK_CAPTURE_AUTORELEASING = YES;
				CLANG_WARN_BOOL_CONVERSION = YES;
				CLANG_WARN_COMMA = YES;
				CLANG_WARN_CONSTANT_CONVERSION = YES;
				CLANG_WARN_DIRECT_OBJC_ISA_USAGE = YES_ERROR;
				CLANG_WARN_DOCUMENTATION_COMMENTS = YES;
				CLANG_WARN_EMPTY_BODY = YES;
				CLANG_WARN_ENUM_CONVERSION = YES;
				CLANG_WARN_INFINITE_RECURSION = YES;
				CLANG_WARN_INT_CONVERSION = YES;
				CLANG_WARN_NON_LITERAL_NULL_CONVERSION = YES;
				CLANG_WARN_OBJC_LITERAL_CONVERSION = YES;
				CLANG_WARN_OBJC_ROOT_CLASS = YES_ERROR;
				CLANG_WARN_RANGE_LOOP_ANALYSIS = YES;
				CLANG_WARN_STRICT_PROTOTYPES = YES;
				CLANG_WARN_SUSPICIOUS_MOVE = YES;
				CLANG_WARN_UNGUARDED_AVAILABILITY = YES_AGGRESSIVE;
				CLANG_WARN_UNREACHABLE_CODE = YES;
				CLANG_WARN__DUPLICATE_METHOD_MATCH = YES;
				CODE_SIGN_IDENTITY = "iPhone Developer";
				COPY_PHASE_STRIP = NO;
				DEBUG_INFORMATION_FORMAT = "dwarf-with-dsym";
				ENABLE_NS_ASSERTIONS = NO;
				ENABLE_STRICT_OBJC_MSGSEND = YES;
				GCC_C_LANGUAGE_STANDARD = gnu11;
				GCC_NO_COMMON_BLOCKS = YES;
				GCC_WARN_64_TO_32_BIT_CONVERSION = YES;
				GCC_WARN_ABOUT_RETURN_TYPE = YES_ERROR;
				GCC_WARN_UNDECLARED_SELECTOR = YES;
				GCC_WARN_UNINITIALIZED_AUTOS = YES_AGGRESSIVE;
				GCC_WARN_UNUSED_FUNCTION = YES;
				GCC_WARN_UNUSED_VARIABLE = YES;
				IPHONEOS_DEPLOYMENT_TARGET = 11.2;
				MTL_ENABLE_DEBUG_INFO = NO;
				SDKROOT = iphoneos;
				SWIFT_OPTIMIZATION_LEVEL = "-Owholemodule";
				VALIDATE_PRODUCT = YES;
			};
			name = Release;
		};
		C7FA85031FF78CD300C1D56A /* Debug */ = {
			isa = XCBuildConfiguration;
			buildSettings = {
				ASSETCATALOG_COMPILER_COMPLICATION_NAME = Complication;
				CODE_SIGN_STYLE = Automatic;
				DEVELOPMENT_TEAM = 76A5MLR63J;
				INFOPLIST_FILE = "iWatchLearn1 WatchKit Extension/Info.plist";
				LD_RUNPATH_SEARCH_PATHS = "$(inherited) @executable_path/Frameworks @executable_path/../../Frameworks";
				PRODUCT_BUNDLE_IDENTIFIER = com.ztev.iWatchLearn1.watchkitapp.watchkitextension;
				PRODUCT_NAME = "${TARGET_NAME}";
				SDKROOT = watchos;
				SKIP_INSTALL = YES;
				SWIFT_VERSION = 4.0;
				TARGETED_DEVICE_FAMILY = 4;
				WATCHOS_DEPLOYMENT_TARGET = 4.2;
			};
			name = Debug;
		};
		C7FA85041FF78CD300C1D56A /* Release */ = {
			isa = XCBuildConfiguration;
			buildSettings = {
				ASSETCATALOG_COMPILER_COMPLICATION_NAME = Complication;
				CODE_SIGN_STYLE = Automatic;
				DEVELOPMENT_TEAM = 76A5MLR63J;
				INFOPLIST_FILE = "iWatchLearn1 WatchKit Extension/Info.plist";
				LD_RUNPATH_SEARCH_PATHS = "$(inherited) @executable_path/Frameworks @executable_path/../../Frameworks";
				PRODUCT_BUNDLE_IDENTIFIER = com.ztev.iWatchLearn1.watchkitapp.watchkitextension;
				PRODUCT_NAME = "${TARGET_NAME}";
				SDKROOT = watchos;
				SKIP_INSTALL = YES;
				SWIFT_VERSION = 4.0;
				TARGETED_DEVICE_FAMILY = 4;
				WATCHOS_DEPLOYMENT_TARGET = 4.2;
			};
			name = Release;
		};
		C7FA85071FF78CD300C1D56A /* Debug */ = {
			isa = XCBuildConfiguration;
			buildSettings = {
				ALWAYS_EMBED_SWIFT_STANDARD_LIBRARIES = YES;
				ASSETCATALOG_COMPILER_APPICON_NAME = AppIcon;
				CODE_SIGN_STYLE = Automatic;
				DEVELOPMENT_TEAM = 76A5MLR63J;
				IBSC_MODULE = iWatchLearn1_WatchKit_Extension;
				INFOPLIST_FILE = "iWatchLearn1 WatchKit App/Info.plist";
				PRODUCT_BUNDLE_IDENTIFIER = com.ztev.iWatchLearn1.watchkitapp;
				PRODUCT_NAME = "$(TARGET_NAME)";
				SDKROOT = watchos;
				SKIP_INSTALL = YES;
				SWIFT_VERSION = 4.0;
				TARGETED_DEVICE_FAMILY = 4;
				WATCHOS_DEPLOYMENT_TARGET = 4.2;
			};
			name = Debug;
		};
		C7FA85081FF78CD300C1D56A /* Release */ = {
			isa = XCBuildConfiguration;
			buildSettings = {
				ALWAYS_EMBED_SWIFT_STANDARD_LIBRARIES = YES;
				ASSETCATALOG_COMPILER_APPICON_NAME = AppIcon;
				CODE_SIGN_STYLE = Automatic;
				DEVELOPMENT_TEAM = 76A5MLR63J;
				IBSC_MODULE = iWatchLearn1_WatchKit_Extension;
				INFOPLIST_FILE = "iWatchLearn1 WatchKit App/Info.plist";
				PRODUCT_BUNDLE_IDENTIFIER = com.ztev.iWatchLearn1.watchkitapp;
				PRODUCT_NAME = "$(TARGET_NAME)";
				SDKROOT = watchos;
				SKIP_INSTALL = YES;
				SWIFT_VERSION = 4.0;
				TARGETED_DEVICE_FAMILY = 4;
				WATCHOS_DEPLOYMENT_TARGET = 4.2;
			};
			name = Release;
		};
		C7FA850B1FF78CD300C1D56A /* Debug */ = {
			isa = XCBuildConfiguration;
			buildSettings = {
				ASSETCATALOG_COMPILER_APPICON_NAME = AppIcon;
				CODE_SIGN_STYLE = Automatic;
				DEVELOPMENT_TEAM = 76A5MLR63J;
				INFOPLIST_FILE = iWatchLearn1/Info.plist;
				LD_RUNPATH_SEARCH_PATHS = "$(inherited) @executable_path/Frameworks";
				PRODUCT_BUNDLE_IDENTIFIER = com.ztev.iWatchLearn1;
				PRODUCT_NAME = "$(TARGET_NAME)";
				SWIFT_VERSION = 4.0;
				TARGETED_DEVICE_FAMILY = "1,2";
			};
			name = Debug;
		};
		C7FA850C1FF78CD300C1D56A /* Release */ = {
			isa = XCBuildConfiguration;
			buildSettings = {
				ASSETCATALOG_COMPILER_APPICON_NAME = AppIcon;
				CODE_SIGN_STYLE = Automatic;
				DEVELOPMENT_TEAM = 76A5MLR63J;
				INFOPLIST_FILE = iWatchLearn1/Info.plist;
				LD_RUNPATH_SEARCH_PATHS = "$(inherited) @executable_path/Frameworks";
				PRODUCT_BUNDLE_IDENTIFIER = com.ztev.iWatchLearn1;
				PRODUCT_NAME = "$(TARGET_NAME)";
				SWIFT_VERSION = 4.0;
				TARGETED_DEVICE_FAMILY = "1,2";
			};
			name = Release;
		};
/* End XCBuildConfiguration section */

/* Begin XCConfigurationList section */
		C7FA84C91FF78CD200C1D56A /* Build configuration list for PBXProject "iWatchLearn1" */ = {
			isa = XCConfigurationList;
			buildConfigurations = (
				C7FA85001FF78CD300C1D56A /* Debug */,
				C7FA85011FF78CD300C1D56A /* Release */,
			);
			defaultConfigurationIsVisible = 0;
			defaultConfigurationName = Release;
		};
		C7FA85021FF78CD300C1D56A /* Build configuration list for PBXNativeTarget "iWatchLearn1 WatchKit Extension" */ = {
			isa = XCConfigurationList;
			buildConfigurations = (
				C7FA85031FF78CD300C1D56A /* Debug */,
				C7FA85041FF78CD300C1D56A /* Release */,
			);
			defaultConfigurationIsVisible = 0;
			defaultConfigurationName = Release;
		};
		C7FA85061FF78CD300C1D56A /* Build configuration list for PBXNativeTarget "iWatchLearn1 WatchKit App" */ = {
			isa = XCConfigurationList;
			buildConfigurations = (
				C7FA85071FF78CD300C1D56A /* Debug */,
				C7FA85081FF78CD300C1D56A /* Release */,
			);
			defaultConfigurationIsVisible = 0;
			defaultConfigurationName = Release;
		};
		C7FA850A1FF78CD300C1D56A /* Build configuration list for PBXNativeTarget "iWatchLearn1" */ = {
			isa = XCConfigurationList;
			buildConfigurations = (
				C7FA850B1FF78CD300C1D56A /* Debug */,
				C7FA850C1FF78CD300C1D56A /* Release */,
			);
			defaultConfigurationIsVisible = 0;
			defaultConfigurationName = Release;
		};
/* End XCConfigurationList section */
	};
	rootObject = C7FA84C61FF78CD200C1D56A /* Project object */;
}
